{
  "originHash" : "b1af4edfc4126faad893b1d9cf7e7e81a917f5df6617abdc185dc2107440b636",
  "pins" : [
    {
      "identity" : "fontawesome.swift",
      "kind" : "remoteSourceControl",
      "location" : "https://github.com/thii/FontAwesome.swift",
      "state" : {
        "revision" : "07883a32d49dfc7bdedbeea115067b53dfbeeb43",
        "version" : "1.9.1"
      }
    },
    {
      "identity" : "phonenumberkit",
      "kind" : "remoteSourceControl",
      "location" : "https://github.com/marmelroy/PhoneNumberKit.git",
      "state" : {
        "revision" : "288b99e9e99926bc8be41220802df83c059fac9b",
        "version" : "4.0.2"
      }
    }
  ],
  "version" : 3
}
